Microsoft Visual Studio Solution File, Format Version 11.00
# Visual Studio 2008

Project("{B5D639F0-31F9-3F0C-9A6B-74BB696A8CB6}") = "Roll-a-Ball_UnityAudio", "Assembly-CSharp.csproj", "{F4BAB0C7-A896-168C-7500-4341B57AFE54}"
EndProject
Global
	GlobalSection(SolutionConfigurationPlatforms) = preSolution
		Debug|Any CPU = Debug|Any CPU
		Release|Any CPU = Release|Any CPU
	EndGlobalSection
	GlobalSection(ProjectConfigurationPlatforms) = postSolution
		{F4BAB0C7-A896-168C-7500-4341B57AFE54}.Debug|Any CPU.ActiveCfg = Debug|Any CPU
		{F4BAB0C7-A896-168C-7500-4341B57AFE54}.Debug|Any CPU.Build.0 = Debug|Any CPU
		{F4BAB0C7-A896-168C-7500-4341B57AFE54}.Release|Any CPU.ActiveCfg = Release|Any CPU
		{F4BAB0C7-A896-168C-7500-4341B57AFE54}.Release|Any CPU.Build.0 = Release|Any CPU
	EndGlobalSection
	GlobalSection(SolutionProperties) = preSolution
		HideSolutionNode = FALSE
	EndGlobalSection
	GlobalSection(MonoDevelopProperties) = preSolution
		StartupItem = Assembly-CSharp.csproj
	EndGlobalSection
EndGlobal
